
Microsoft Visual Studio Solution File, Format Version 12.00
Project("{2150E333-8FDC-42A3-9474-1A3956D46DE8}") = "src", "src", "{1C32040D-03EF-4BCE-9506-C8F61C4930ED}"
EndProject
Project("{2150E333-8FDC-42A3-9474-1A3956D46DE8}") = "Services", "Services", "{52761B76-4E59-47CB-8734-1B42FCF4F7AC}"
EndProject
Project("{2150E333-8FDC-42A3-9474-1A3956D46DE8}") = "BuildingBlocks", "BuildingBlocks", "{AD6F600B-86F3-46EC-A6AC-CDB6AEBD68EE}"
EndProject
Project("{FAE04EC0-301F-11D3-BF4B-00C04F79EFBC}") = "Ukraine.Infrastructure.EfCore", "src\BuildingBlocks\Ukraine.Infrastructure.EfCore\Ukraine.Infrastructure.EfCore.csproj", "{92235677-5B49-421C-89A1-5C5312CA3DE1}"
EndProject
Project("{FAE04EC0-301F-11D3-BF4B-00C04F79EFBC}") = "Ukraine.Infrastructure", "src\BuildingBlocks\Ukraine.Infrastructure\Ukraine.Infrastructure.csproj", "{8F90B275-7B2F-4C26-BC03-BEE807739477}"
EndProject
Project("{FAE04EC0-301F-11D3-BF4B-00C04F79EFBC}") = "Ukraine.Domain", "src\BuildingBlocks\Ukraine.Domain\Ukraine.Domain.csproj", "{8DC5425E-753F-4A1F-BD0E-5AEF10476EE5}"
EndProject
Project("{2150E333-8FDC-42A3-9474-1A3956D46DE8}") = "root", "root", "{3D7ED6A3-561F-49C9-AF87-AC10DCE95A89}"
	ProjectSection(SolutionItems) = preProject
		NuGet.config = NuGet.config
		tye.yaml = tye.yaml
		.dockerignore = .dockerignore
		.gitignore = .gitignore
		.gitattributes = .gitattributes
		README.md = README.md
		terminal.txt = terminal.txt
		stylecop.json = stylecop.json
		Ukraine.ruleset = Ukraine.ruleset
		Directory.Build.props = Directory.Build.props
		CONTRIBUTING.md = CONTRIBUTING.md
	EndProjectSection
EndProject
Project("{2150E333-8FDC-42A3-9474-1A3956D46DE8}") = "Web", "Web", "{AEB23F19-ECA5-4249-B81E-925BBE1165EA}"
EndProject
Project("{FAE04EC0-301F-11D3-BF4B-00C04F79EFBC}") = "Ukraine.Web.Status", "src\Web\Ukraine.Web.Status\Ukraine.Web.Status.csproj", "{C3C0450E-105B-47C6-AC24-12A4C44174E3}"
EndProject
Project("{2150E333-8FDC-42A3-9474-1A3956D46DE8}") = "Example", "Example", "{DA93160E-BCD5-43BB-8B14-AD94F1528159}"
EndProject
Project("{FAE04EC0-301F-11D3-BF4B-00C04F79EFBC}") = "Ukraine.Services.Example.Api", "src\Services\Example\Ukraine.Services.Example.Api\Ukraine.Services.Example.Api.csproj", "{98ED033A-9757-45BC-B545-D929F08ADF3A}"
EndProject
Project("{FAE04EC0-301F-11D3-BF4B-00C04F79EFBC}") = "Ukraine.Services.Example.Domain", "src\Services\Example\Ukraine.Services.Example.Domain\Ukraine.Services.Example.Domain.csproj", "{56D548FC-A539-4109-8B7F-6FD697160756}"
EndProject
Project("{FAE04EC0-301F-11D3-BF4B-00C04F79EFBC}") = "Ukraine.Services.Example.Infrastructure", "src\Services\Example\Ukraine.Services.Example.Infrastructure\Ukraine.Services.Example.Infrastructure.csproj", "{C3A149F9-1049-4614-A712-D9C557F1A5A3}"
EndProject
Project("{FAE04EC0-301F-11D3-BF4B-00C04F79EFBC}") = "Ukraine.Services.Example.Persistence", "src\Services\Example\Ukraine.Services.Example.Persistence\Ukraine.Services.Example.Persistence.csproj", "{9DA0E518-0A7D-4F08-80A6-D51F09383EF7}"
EndProject
Project("{2150E333-8FDC-42A3-9474-1A3956D46DE8}") = "components", "components", "{F3D4B0CF-A6CB-4D52-B7F1-7DF14875E72B}"
	ProjectSection(SolutionItems) = preProject
		dapr\components\ukraine-config.yaml = dapr\components\ukraine-config.yaml
		dapr\components\ukraine-pubsub.yaml = dapr\components\ukraine-pubsub.yaml
		dapr\components\ukraine-statestore.yaml = dapr\components\ukraine-statestore.yaml
	EndProjectSection
EndProject
Project("{FAE04EC0-301F-11D3-BF4B-00C04F79EFBC}") = "Ukraine.Infrastructure.GraphQl", "src\BuildingBlocks\Ukraine.Infrastructure.GraphQl\Ukraine.Infrastructure.GraphQl.csproj", "{9970C865-F1C1-4EEF-8355-4BE15691921B}"
EndProject
Project("{FAE04EC0-301F-11D3-BF4B-00C04F79EFBC}") = "Ukraine.Infrastructure.Specifications.EfCore", "src\BuildingBlocks\Ukraine.Infrastructure.Specifications.EfCore\Ukraine.Infrastructure.Specifications.EfCore.csproj", "{D8649726-BEF2-43A8-8AC0-296DEEE9EDBE}"
EndProject
Project("{FAE04EC0-301F-11D3-BF4B-00C04F79EFBC}") = "Ukraine.Infrastructure.Telemetry", "src\BuildingBlocks\Ukraine.Infrastructure.Telemetry\Ukraine.Infrastructure.Telemetry.csproj", "{7AAA8708-A70E-4917-8474-A00A7B7800B3}"
EndProject
Global
	GlobalSection(SolutionConfigurationPlatforms) = preSolution
		Debug|Any CPU = Debug|Any CPU
		Release|Any CPU = Release|Any CPU
	EndGlobalSection
	GlobalSection(NestedProjects) = preSolution
		{52761B76-4E59-47CB-8734-1B42FCF4F7AC} = {1C32040D-03EF-4BCE-9506-C8F61C4930ED}
		{AD6F600B-86F3-46EC-A6AC-CDB6AEBD68EE} = {1C32040D-03EF-4BCE-9506-C8F61C4930ED}
		{92235677-5B49-421C-89A1-5C5312CA3DE1} = {AD6F600B-86F3-46EC-A6AC-CDB6AEBD68EE}
		{8F90B275-7B2F-4C26-BC03-BEE807739477} = {AD6F600B-86F3-46EC-A6AC-CDB6AEBD68EE}
		{8DC5425E-753F-4A1F-BD0E-5AEF10476EE5} = {AD6F600B-86F3-46EC-A6AC-CDB6AEBD68EE}
		{AEB23F19-ECA5-4249-B81E-925BBE1165EA} = {1C32040D-03EF-4BCE-9506-C8F61C4930ED}
		{C3C0450E-105B-47C6-AC24-12A4C44174E3} = {AEB23F19-ECA5-4249-B81E-925BBE1165EA}
		{DA93160E-BCD5-43BB-8B14-AD94F1528159} = {52761B76-4E59-47CB-8734-1B42FCF4F7AC}
		{98ED033A-9757-45BC-B545-D929F08ADF3A} = {DA93160E-BCD5-43BB-8B14-AD94F1528159}
		{56D548FC-A539-4109-8B7F-6FD697160756} = {DA93160E-BCD5-43BB-8B14-AD94F1528159}
		{C3A149F9-1049-4614-A712-D9C557F1A5A3} = {DA93160E-BCD5-43BB-8B14-AD94F1528159}
		{9DA0E518-0A7D-4F08-80A6-D51F09383EF7} = {DA93160E-BCD5-43BB-8B14-AD94F1528159}
		{F3D4B0CF-A6CB-4D52-B7F1-7DF14875E72B} = {3D7ED6A3-561F-49C9-AF87-AC10DCE95A89}
		{9970C865-F1C1-4EEF-8355-4BE15691921B} = {AD6F600B-86F3-46EC-A6AC-CDB6AEBD68EE}
		{D8649726-BEF2-43A8-8AC0-296DEEE9EDBE} = {AD6F600B-86F3-46EC-A6AC-CDB6AEBD68EE}
		{7AAA8708-A70E-4917-8474-A00A7B7800B3} = {AD6F600B-86F3-46EC-A6AC-CDB6AEBD68EE}
	EndGlobalSection
	GlobalSection(ProjectConfigurationPlatforms) = postSolution
		{92235677-5B49-421C-89A1-5C5312CA3DE1}.Debug|Any CPU.ActiveCfg = Debug|Any CPU
		{92235677-5B49-421C-89A1-5C5312CA3DE1}.Debug|Any CPU.Build.0 = Debug|Any CPU
		{92235677-5B49-421C-89A1-5C5312CA3DE1}.Release|Any CPU.ActiveCfg = Release|Any CPU
		{92235677-5B49-421C-89A1-5C5312CA3DE1}.Release|Any CPU.Build.0 = Release|Any CPU
		{8F90B275-7B2F-4C26-BC03-BEE807739477}.Debug|Any CPU.ActiveCfg = Debug|Any CPU
		{8F90B275-7B2F-4C26-BC03-BEE807739477}.Debug|Any CPU.Build.0 = Debug|Any CPU
		{8F90B275-7B2F-4C26-BC03-BEE807739477}.Release|Any CPU.ActiveCfg = Release|Any CPU
		{8F90B275-7B2F-4C26-BC03-BEE807739477}.Release|Any CPU.Build.0 = Release|Any CPU
		{8DC5425E-753F-4A1F-BD0E-5AEF10476EE5}.Debug|Any CPU.ActiveCfg = Debug|Any CPU
		{8DC5425E-753F-4A1F-BD0E-5AEF10476EE5}.Debug|Any CPU.Build.0 = Debug|Any CPU
		{8DC5425E-753F-4A1F-BD0E-5AEF10476EE5}.Release|Any CPU.ActiveCfg = Release|Any CPU
		{8DC5425E-753F-4A1F-BD0E-5AEF10476EE5}.Release|Any CPU.Build.0 = Release|Any CPU
		{C3C0450E-105B-47C6-AC24-12A4C44174E3}.Debug|Any CPU.ActiveCfg = Debug|Any CPU
		{C3C0450E-105B-47C6-AC24-12A4C44174E3}.Debug|Any CPU.Build.0 = Debug|Any CPU
		{C3C0450E-105B-47C6-AC24-12A4C44174E3}.Release|Any CPU.ActiveCfg = Release|Any CPU
		{C3C0450E-105B-47C6-AC24-12A4C44174E3}.Release|Any CPU.Build.0 = Release|Any CPU
		{98ED033A-9757-45BC-B545-D929F08ADF3A}.Debug|Any CPU.ActiveCfg = Debug|Any CPU
		{98ED033A-9757-45BC-B545-D929F08ADF3A}.Debug|Any CPU.Build.0 = Debug|Any CPU
		{98ED033A-9757-45BC-B545-D929F08ADF3A}.Release|Any CPU.ActiveCfg = Release|Any CPU
		{98ED033A-9757-45BC-B545-D929F08ADF3A}.Release|Any CPU.Build.0 = Release|Any CPU
		{56D548FC-A539-4109-8B7F-6FD697160756}.Debug|Any CPU.ActiveCfg = Debug|Any CPU
		{56D548FC-A539-4109-8B7F-6FD697160756}.Debug|Any CPU.Build.0 = Debug|Any CPU
		{56D548FC-A539-4109-8B7F-6FD697160756}.Release|Any CPU.ActiveCfg = Release|Any CPU
		{56D548FC-A539-4109-8B7F-6FD697160756}.Release|Any CPU.Build.0 = Release|Any CPU
		{C3A149F9-1049-4614-A712-D9C557F1A5A3}.Debug|Any CPU.ActiveCfg = Debug|Any CPU
		{C3A149F9-1049-4614-A712-D9C557F1A5A3}.Debug|Any CPU.Build.0 = Debug|Any CPU
		{C3A149F9-1049-4614-A712-D9C557F1A5A3}.Release|Any CPU.ActiveCfg = Release|Any CPU
		{C3A149F9-1049-4614-A712-D9C557F1A5A3}.Release|Any CPU.Build.0 = Release|Any CPU
		{9DA0E518-0A7D-4F08-80A6-D51F09383EF7}.Debug|Any CPU.ActiveCfg = Debug|Any CPU
		{9DA0E518-0A7D-4F08-80A6-D51F09383EF7}.Debug|Any CPU.Build.0 = Debug|Any CPU
		{9DA0E518-0A7D-4F08-80A6-D51F09383EF7}.Release|Any CPU.ActiveCfg = Release|Any CPU
		{9DA0E518-0A7D-4F08-80A6-D51F09383EF7}.Release|Any CPU.Build.0 = Release|Any CPU
		{9970C865-F1C1-4EEF-8355-4BE15691921B}.Debug|Any CPU.ActiveCfg = Debug|Any CPU
		{9970C865-F1C1-4EEF-8355-4BE15691921B}.Debug|Any CPU.Build.0 = Debug|Any CPU
		{9970C865-F1C1-4EEF-8355-4BE15691921B}.Release|Any CPU.ActiveCfg = Release|Any CPU
		{9970C865-F1C1-4EEF-8355-4BE15691921B}.Release|Any CPU.Build.0 = Release|Any CPU
		{D8649726-BEF2-43A8-8AC0-296DEEE9EDBE}.Debug|Any CPU.ActiveCfg = Debug|Any CPU
		{D8649726-BEF2-43A8-8AC0-296DEEE9EDBE}.Debug|Any CPU.Build.0 = Debug|Any CPU
		{D8649726-BEF2-43A8-8AC0-296DEEE9EDBE}.Release|Any CPU.ActiveCfg = Release|Any CPU
		{D8649726-BEF2-43A8-8AC0-296DEEE9EDBE}.Release|Any CPU.Build.0 = Release|Any CPU
		{7AAA8708-A70E-4917-8474-A00A7B7800B3}.Debug|Any CPU.ActiveCfg = Debug|Any CPU
		{7AAA8708-A70E-4917-8474-A00A7B7800B3}.Debug|Any CPU.Build.0 = Debug|Any CPU
		{7AAA8708-A70E-4917-8474-A00A7B7800B3}.Release|Any CPU.ActiveCfg = Release|Any CPU
		{7AAA8708-A70E-4917-8474-A00A7B7800B3}.Release|Any CPU.Build.0 = Release|Any CPU
	EndGlobalSection
EndGlobal
