
Microsoft Visual Studio Solution File, Format Version 12.00
Project("{2150E333-8FDC-42A3-9474-1A3956D46DE8}") = "src", "src", "{1C32040D-03EF-4BCE-9506-C8F61C4930ED}"
EndProject
Project("{2150E333-8FDC-42A3-9474-1A3956D46DE8}") = "Services", "Services", "{52761B76-4E59-47CB-8734-1B42FCF4F7AC}"
EndProject
Project("{2150E333-8FDC-42A3-9474-1A3956D46DE8}") = "Framework", "Framework", "{AD6F600B-86F3-46EC-A6AC-CDB6AEBD68EE}"
EndProject
Project("{2150E333-8FDC-42A3-9474-1A3956D46DE8}") = "root", "root", "{3D7ED6A3-561F-49C9-AF87-AC10DCE95A89}"
	ProjectSection(SolutionItems) = preProject
		NuGet.config = NuGet.config
		tye.yaml = tye.yaml
		.gitignore = .gitignore
		.gitattributes = .gitattributes
		README.md = README.md
		terminal.txt = terminal.txt
		stylecop.json = stylecop.json
		Ukraine.ruleset = Ukraine.ruleset
		Directory.Build.props = Directory.Build.props
		docker-compose.yml = docker-compose.yml
		docker-compose.override.yml = docker-compose.override.yml
		.dockerignore = .dockerignore
		.env = .env
	EndProjectSection
EndProject
Project("{2150E333-8FDC-42A3-9474-1A3956D46DE8}") = "Web", "Web", "{AEB23F19-ECA5-4249-B81E-925BBE1165EA}"
EndProject
Project("{FAE04EC0-301F-11D3-BF4B-00C04F79EFBC}") = "Ukraine.Web.Status", "src\Web\Ukraine.Web.Status\Ukraine.Web.Status.csproj", "{C3C0450E-105B-47C6-AC24-12A4C44174E3}"
EndProject
Project("{2150E333-8FDC-42A3-9474-1A3956D46DE8}") = "Example", "Example", "{DA93160E-BCD5-43BB-8B14-AD94F1528159}"
EndProject
Project("{FAE04EC0-301F-11D3-BF4B-00C04F79EFBC}") = "Ukraine.Services.Example.Api", "src\Services\Example\Ukraine.Services.Example.Api\Ukraine.Services.Example.Api.csproj", "{98ED033A-9757-45BC-B545-D929F08ADF3A}"
EndProject
Project("{FAE04EC0-301F-11D3-BF4B-00C04F79EFBC}") = "Ukraine.Services.Example.Domain", "src\Services\Example\Ukraine.Services.Example.Domain\Ukraine.Services.Example.Domain.csproj", "{56D548FC-A539-4109-8B7F-6FD697160756}"
EndProject
Project("{FAE04EC0-301F-11D3-BF4B-00C04F79EFBC}") = "Ukraine.Services.Example.Infrastructure", "src\Services\Example\Ukraine.Services.Example.Infrastructure\Ukraine.Services.Example.Infrastructure.csproj", "{C3A149F9-1049-4614-A712-D9C557F1A5A3}"
EndProject
Project("{FAE04EC0-301F-11D3-BF4B-00C04F79EFBC}") = "Ukraine.Services.Example.Persistence", "src\Services\Example\Ukraine.Services.Example.Persistence\Ukraine.Services.Example.Persistence.csproj", "{9DA0E518-0A7D-4F08-80A6-D51F09383EF7}"
EndProject
Project("{2150E333-8FDC-42A3-9474-1A3956D46DE8}") = "components", "components", "{F3D4B0CF-A6CB-4D52-B7F1-7DF14875E72B}"
EndProject
Project("{2150E333-8FDC-42A3-9474-1A3956D46DE8}") = "Friends", "Friends", "{69ECFF64-8808-4053-B53E-8A2D8747F547}"
EndProject
Project("{FAE04EC0-301F-11D3-BF4B-00C04F79EFBC}") = "Ukraine.Services.Example.Friends.Registrar", "src\Services\Example\Friends\Ukraine.Services.Example.Friends.Registrar\Ukraine.Services.Example.Friends.Registrar.csproj", "{55F7FA9C-9BEF-4FA8-8DD3-CCD25CC573F0}"
EndProject
Project("{FAE04EC0-301F-11D3-BF4B-00C04F79EFBC}") = "Ukraine.Framework.Core", "src\Framework\Ukraine.Framework.Core\Ukraine.Framework.Core.csproj", "{338ACDB0-F071-47CB-A210-47A2163F7872}"
EndProject
Project("{2150E333-8FDC-42A3-9474-1A3956D46DE8}") = "Identity", "Identity", "{6BB857AE-11A7-4560-AE8A-18C93CF54D2C}"
EndProject
Project("{2150E333-8FDC-42A3-9474-1A3956D46DE8}") = "dapr", "dapr", "{3C528EE5-3868-441C-A1FF-740FA0916D2D}"
EndProject
Project("{FAE04EC0-301F-11D3-BF4B-00C04F79EFBC}") = "Ukraine.Framework.Dapr", "src\Framework\Ukraine.Framework.Dapr\Ukraine.Framework.Dapr.csproj", "{0CF56DAA-37E7-47BD-AF3B-E4442545EF2F}"
EndProject
Project("{FAE04EC0-301F-11D3-BF4B-00C04F79EFBC}") = "Ukraine.Framework.Abstractions", "src\Framework\Ukraine.Framework.Abstractions\Ukraine.Framework.Abstractions.csproj", "{A7AD0A85-448B-4C76-8E3C-B5B51EDACF86}"
EndProject
Project("{FAE04EC0-301F-11D3-BF4B-00C04F79EFBC}") = "Ukraine.Framework.EFCore", "src\Framework\Ukraine.Framework.EFCore\Ukraine.Framework.EFCore.csproj", "{3509A6A2-988D-4521-A704-3036C9D2C84D}"
EndProject
Project("{FAE04EC0-301F-11D3-BF4B-00C04F79EFBC}") = "Ukraine.Services.Identity.Persistence", "src\Services\Identity\Ukraine.Services.Identity.Persistence\Ukraine.Services.Identity.Persistence.csproj", "{DE05B3AE-ACF8-4272-AF0D-1C21793FB3EF}"
EndProject
Project("{FAE04EC0-301F-11D3-BF4B-00C04F79EFBC}") = "Ukraine.Services.Identity", "src\Services\Identity\Ukraine.Services.Identity\Ukraine.Services.Identity.csproj", "{C2C7125A-4EA8-4107-A005-56B32F76E03E}"
EndProject
Project("{2150E333-8FDC-42A3-9474-1A3956D46DE8}") = "Gateway", "Gateway", "{CD5742CA-0EB8-43A1-9D20-1EBD34CBDC40}"
EndProject
Project("{FAE04EC0-301F-11D3-BF4B-00C04F79EFBC}") = "Ukraine.Gateway.GraphQl", "src\Gateway\Ukraine.Gateway.GraphQl\Ukraine.Gateway.GraphQl.csproj", "{4C4812E5-18CB-4390-BB22-CA0AEA9C3E3B}"
EndProject
Project("{2150E333-8FDC-42A3-9474-1A3956D46DE8}") = "local", "local", "{2C2D025D-B78C-4E83-B96E-C18C9F1F7075}"
	ProjectSection(SolutionItems) = preProject
		dapr\components\local\ukraine-config.yaml = dapr\components\local\ukraine-config.yaml
		dapr\components\local\ukraine-pubsub.yaml = dapr\components\local\ukraine-pubsub.yaml
		dapr\components\local\ukraine-secrets.json = dapr\components\local\ukraine-secrets.json
		dapr\components\local\ukraine-secretstore.yaml = dapr\components\local\ukraine-secretstore.yaml
		dapr\components\local\ukraine-email.yaml = dapr\components\local\ukraine-email.yaml
	EndProjectSection
EndProject
Project("{2150E333-8FDC-42A3-9474-1A3956D46DE8}") = "docker", "docker", "{F50FE59B-2794-410C-9B2F-0800F47E459B}"
	ProjectSection(SolutionItems) = preProject
		dapr\components\docker\ukraine-config.yaml = dapr\components\docker\ukraine-config.yaml
		dapr\components\docker\ukraine-pubsub.yaml = dapr\components\docker\ukraine-pubsub.yaml
		dapr\components\docker\ukraine-secrets.json = dapr\components\docker\ukraine-secrets.json
		dapr\components\docker\ukraine-secretstore.yaml = dapr\components\docker\ukraine-secretstore.yaml
		dapr\components\docker\ukraine-email.yaml = dapr\components\docker\ukraine-email.yaml
	EndProjectSection
EndProject
Project("{FAE04EC0-301F-11D3-BF4B-00C04F79EFBC}") = "Ukraine.Services.Example.Friends.Email", "src\Services\Example\Friends\Ukraine.Services.Example.Friends.Email\Ukraine.Services.Example.Friends.Email.csproj", "{BB85F3B7-DEBC-475E-9365-BB8222CFFF6F}"
EndProject
Project("{FAE04EC0-301F-11D3-BF4B-00C04F79EFBC}") = "Ukraine.Web.Blazor.Client", "src\Web\Ukraine.Web.Blazor.Client\Ukraine.Web.Blazor.Client.csproj", "{D1F71DAF-BBDA-412B-9322-14A1226B1F14}"
EndProject
Global
	GlobalSection(SolutionConfigurationPlatforms) = preSolution
		Debug|Any CPU = Debug|Any CPU
		Release|Any CPU = Release|Any CPU
	EndGlobalSection
	GlobalSection(NestedProjects) = preSolution
		{52761B76-4E59-47CB-8734-1B42FCF4F7AC} = {1C32040D-03EF-4BCE-9506-C8F61C4930ED}
		{AD6F600B-86F3-46EC-A6AC-CDB6AEBD68EE} = {1C32040D-03EF-4BCE-9506-C8F61C4930ED}
		{AEB23F19-ECA5-4249-B81E-925BBE1165EA} = {1C32040D-03EF-4BCE-9506-C8F61C4930ED}
		{C3C0450E-105B-47C6-AC24-12A4C44174E3} = {AEB23F19-ECA5-4249-B81E-925BBE1165EA}
		{DA93160E-BCD5-43BB-8B14-AD94F1528159} = {52761B76-4E59-47CB-8734-1B42FCF4F7AC}
		{98ED033A-9757-45BC-B545-D929F08ADF3A} = {DA93160E-BCD5-43BB-8B14-AD94F1528159}
		{56D548FC-A539-4109-8B7F-6FD697160756} = {DA93160E-BCD5-43BB-8B14-AD94F1528159}
		{C3A149F9-1049-4614-A712-D9C557F1A5A3} = {DA93160E-BCD5-43BB-8B14-AD94F1528159}
		{9DA0E518-0A7D-4F08-80A6-D51F09383EF7} = {DA93160E-BCD5-43BB-8B14-AD94F1528159}
		{69ECFF64-8808-4053-B53E-8A2D8747F547} = {DA93160E-BCD5-43BB-8B14-AD94F1528159}
		{55F7FA9C-9BEF-4FA8-8DD3-CCD25CC573F0} = {69ECFF64-8808-4053-B53E-8A2D8747F547}
		{338ACDB0-F071-47CB-A210-47A2163F7872} = {AD6F600B-86F3-46EC-A6AC-CDB6AEBD68EE}
		{6BB857AE-11A7-4560-AE8A-18C93CF54D2C} = {52761B76-4E59-47CB-8734-1B42FCF4F7AC}
		{F3D4B0CF-A6CB-4D52-B7F1-7DF14875E72B} = {3C528EE5-3868-441C-A1FF-740FA0916D2D}
		{0CF56DAA-37E7-47BD-AF3B-E4442545EF2F} = {AD6F600B-86F3-46EC-A6AC-CDB6AEBD68EE}
		{A7AD0A85-448B-4C76-8E3C-B5B51EDACF86} = {AD6F600B-86F3-46EC-A6AC-CDB6AEBD68EE}
		{3509A6A2-988D-4521-A704-3036C9D2C84D} = {AD6F600B-86F3-46EC-A6AC-CDB6AEBD68EE}
		{DE05B3AE-ACF8-4272-AF0D-1C21793FB3EF} = {6BB857AE-11A7-4560-AE8A-18C93CF54D2C}
		{C2C7125A-4EA8-4107-A005-56B32F76E03E} = {6BB857AE-11A7-4560-AE8A-18C93CF54D2C}
		{CD5742CA-0EB8-43A1-9D20-1EBD34CBDC40} = {1C32040D-03EF-4BCE-9506-C8F61C4930ED}
		{4C4812E5-18CB-4390-BB22-CA0AEA9C3E3B} = {CD5742CA-0EB8-43A1-9D20-1EBD34CBDC40}
		{2C2D025D-B78C-4E83-B96E-C18C9F1F7075} = {F3D4B0CF-A6CB-4D52-B7F1-7DF14875E72B}
		{F50FE59B-2794-410C-9B2F-0800F47E459B} = {F3D4B0CF-A6CB-4D52-B7F1-7DF14875E72B}
		{BB85F3B7-DEBC-475E-9365-BB8222CFFF6F} = {69ECFF64-8808-4053-B53E-8A2D8747F547}
		{D1F71DAF-BBDA-412B-9322-14A1226B1F14} = {AEB23F19-ECA5-4249-B81E-925BBE1165EA}
	EndGlobalSection
	GlobalSection(ProjectConfigurationPlatforms) = postSolution
		{C3C0450E-105B-47C6-AC24-12A4C44174E3}.Debug|Any CPU.ActiveCfg = Debug|Any CPU
		{C3C0450E-105B-47C6-AC24-12A4C44174E3}.Debug|Any CPU.Build.0 = Debug|Any CPU
		{C3C0450E-105B-47C6-AC24-12A4C44174E3}.Release|Any CPU.ActiveCfg = Release|Any CPU
		{C3C0450E-105B-47C6-AC24-12A4C44174E3}.Release|Any CPU.Build.0 = Release|Any CPU
		{98ED033A-9757-45BC-B545-D929F08ADF3A}.Debug|Any CPU.ActiveCfg = Debug|Any CPU
		{98ED033A-9757-45BC-B545-D929F08ADF3A}.Debug|Any CPU.Build.0 = Debug|Any CPU
		{98ED033A-9757-45BC-B545-D929F08ADF3A}.Release|Any CPU.ActiveCfg = Release|Any CPU
		{98ED033A-9757-45BC-B545-D929F08ADF3A}.Release|Any CPU.Build.0 = Release|Any CPU
		{56D548FC-A539-4109-8B7F-6FD697160756}.Debug|Any CPU.ActiveCfg = Debug|Any CPU
		{56D548FC-A539-4109-8B7F-6FD697160756}.Debug|Any CPU.Build.0 = Debug|Any CPU
		{56D548FC-A539-4109-8B7F-6FD697160756}.Release|Any CPU.ActiveCfg = Release|Any CPU
		{56D548FC-A539-4109-8B7F-6FD697160756}.Release|Any CPU.Build.0 = Release|Any CPU
		{C3A149F9-1049-4614-A712-D9C557F1A5A3}.Debug|Any CPU.ActiveCfg = Debug|Any CPU
		{C3A149F9-1049-4614-A712-D9C557F1A5A3}.Debug|Any CPU.Build.0 = Debug|Any CPU
		{C3A149F9-1049-4614-A712-D9C557F1A5A3}.Release|Any CPU.ActiveCfg = Release|Any CPU
		{C3A149F9-1049-4614-A712-D9C557F1A5A3}.Release|Any CPU.Build.0 = Release|Any CPU
		{9DA0E518-0A7D-4F08-80A6-D51F09383EF7}.Debug|Any CPU.ActiveCfg = Debug|Any CPU
		{9DA0E518-0A7D-4F08-80A6-D51F09383EF7}.Debug|Any CPU.Build.0 = Debug|Any CPU
		{9DA0E518-0A7D-4F08-80A6-D51F09383EF7}.Release|Any CPU.ActiveCfg = Release|Any CPU
		{9DA0E518-0A7D-4F08-80A6-D51F09383EF7}.Release|Any CPU.Build.0 = Release|Any CPU
		{55F7FA9C-9BEF-4FA8-8DD3-CCD25CC573F0}.Debug|Any CPU.ActiveCfg = Debug|Any CPU
		{55F7FA9C-9BEF-4FA8-8DD3-CCD25CC573F0}.Debug|Any CPU.Build.0 = Debug|Any CPU
		{55F7FA9C-9BEF-4FA8-8DD3-CCD25CC573F0}.Release|Any CPU.ActiveCfg = Release|Any CPU
		{55F7FA9C-9BEF-4FA8-8DD3-CCD25CC573F0}.Release|Any CPU.Build.0 = Release|Any CPU
		{338ACDB0-F071-47CB-A210-47A2163F7872}.Debug|Any CPU.ActiveCfg = Debug|Any CPU
		{338ACDB0-F071-47CB-A210-47A2163F7872}.Debug|Any CPU.Build.0 = Debug|Any CPU
		{338ACDB0-F071-47CB-A210-47A2163F7872}.Release|Any CPU.ActiveCfg = Release|Any CPU
		{338ACDB0-F071-47CB-A210-47A2163F7872}.Release|Any CPU.Build.0 = Release|Any CPU
		{0CF56DAA-37E7-47BD-AF3B-E4442545EF2F}.Debug|Any CPU.ActiveCfg = Debug|Any CPU
		{0CF56DAA-37E7-47BD-AF3B-E4442545EF2F}.Debug|Any CPU.Build.0 = Debug|Any CPU
		{0CF56DAA-37E7-47BD-AF3B-E4442545EF2F}.Release|Any CPU.ActiveCfg = Release|Any CPU
		{0CF56DAA-37E7-47BD-AF3B-E4442545EF2F}.Release|Any CPU.Build.0 = Release|Any CPU
		{A7AD0A85-448B-4C76-8E3C-B5B51EDACF86}.Debug|Any CPU.ActiveCfg = Debug|Any CPU
		{A7AD0A85-448B-4C76-8E3C-B5B51EDACF86}.Debug|Any CPU.Build.0 = Debug|Any CPU
		{A7AD0A85-448B-4C76-8E3C-B5B51EDACF86}.Release|Any CPU.ActiveCfg = Release|Any CPU
		{A7AD0A85-448B-4C76-8E3C-B5B51EDACF86}.Release|Any CPU.Build.0 = Release|Any CPU
		{3509A6A2-988D-4521-A704-3036C9D2C84D}.Debug|Any CPU.ActiveCfg = Debug|Any CPU
		{3509A6A2-988D-4521-A704-3036C9D2C84D}.Debug|Any CPU.Build.0 = Debug|Any CPU
		{3509A6A2-988D-4521-A704-3036C9D2C84D}.Release|Any CPU.ActiveCfg = Release|Any CPU
		{3509A6A2-988D-4521-A704-3036C9D2C84D}.Release|Any CPU.Build.0 = Release|Any CPU
		{DE05B3AE-ACF8-4272-AF0D-1C21793FB3EF}.Debug|Any CPU.ActiveCfg = Debug|Any CPU
		{DE05B3AE-ACF8-4272-AF0D-1C21793FB3EF}.Debug|Any CPU.Build.0 = Debug|Any CPU
		{DE05B3AE-ACF8-4272-AF0D-1C21793FB3EF}.Release|Any CPU.ActiveCfg = Release|Any CPU
		{DE05B3AE-ACF8-4272-AF0D-1C21793FB3EF}.Release|Any CPU.Build.0 = Release|Any CPU
		{C2C7125A-4EA8-4107-A005-56B32F76E03E}.Debug|Any CPU.ActiveCfg = Debug|Any CPU
		{C2C7125A-4EA8-4107-A005-56B32F76E03E}.Debug|Any CPU.Build.0 = Debug|Any CPU
		{C2C7125A-4EA8-4107-A005-56B32F76E03E}.Release|Any CPU.ActiveCfg = Release|Any CPU
		{C2C7125A-4EA8-4107-A005-56B32F76E03E}.Release|Any CPU.Build.0 = Release|Any CPU
		{4C4812E5-18CB-4390-BB22-CA0AEA9C3E3B}.Debug|Any CPU.ActiveCfg = Debug|Any CPU
		{4C4812E5-18CB-4390-BB22-CA0AEA9C3E3B}.Debug|Any CPU.Build.0 = Debug|Any CPU
		{4C4812E5-18CB-4390-BB22-CA0AEA9C3E3B}.Release|Any CPU.ActiveCfg = Release|Any CPU
		{4C4812E5-18CB-4390-BB22-CA0AEA9C3E3B}.Release|Any CPU.Build.0 = Release|Any CPU
		{BB85F3B7-DEBC-475E-9365-BB8222CFFF6F}.Debug|Any CPU.ActiveCfg = Debug|Any CPU
		{BB85F3B7-DEBC-475E-9365-BB8222CFFF6F}.Debug|Any CPU.Build.0 = Debug|Any CPU
		{BB85F3B7-DEBC-475E-9365-BB8222CFFF6F}.Release|Any CPU.ActiveCfg = Release|Any CPU
		{BB85F3B7-DEBC-475E-9365-BB8222CFFF6F}.Release|Any CPU.Build.0 = Release|Any CPU
		{D1F71DAF-BBDA-412B-9322-14A1226B1F14}.Debug|Any CPU.ActiveCfg = Debug|Any CPU
		{D1F71DAF-BBDA-412B-9322-14A1226B1F14}.Debug|Any CPU.Build.0 = Debug|Any CPU
		{D1F71DAF-BBDA-412B-9322-14A1226B1F14}.Release|Any CPU.ActiveCfg = Release|Any CPU
		{D1F71DAF-BBDA-412B-9322-14A1226B1F14}.Release|Any CPU.Build.0 = Release|Any CPU
	EndGlobalSection
EndGlobal
